
Microsoft Visual Studio Solution File, Format Version 12.00
# Visual Studio Version 17
VisualStudioVersion = 17.9.34723.18
MinimumVisualStudioVersion = 10.0.40219.1
Project("{9A19103F-16F7-4668-BE54-9A1E7A4F7556}") = "SmartWorkout", "SmartWorkout.csproj", "{00266FAF-5C01-4A83-B0F2-4E7CB9DC3834}"
EndProject
Project("{FAE04EC0-301F-11D3-BF4B-00C04F79EFBC}") = "SmartWorkout.DataAccess", "..\SmartWorkout.DataAccess\SmartWorkout.DataAccess.csproj", "{DE07F137-B6CB-4BAE-A02A-2719F8558366}"
EndProject
Global
	GlobalSection(SolutionConfigurationPlatforms) = preSolution
		Debug|Any CPU = Debug|Any CPU
		Release|Any CPU = Release|Any CPU
	EndGlobalSection
	GlobalSection(ProjectConfigurationPlatforms) = postSolution
		{00266FAF-5C01-4A83-B0F2-4E7CB9DC3834}.Debug|Any CPU.ActiveCfg = Debug|Any CPU
		{00266FAF-5C01-4A83-B0F2-4E7CB9DC3834}.Debug|Any CPU.Build.0 = Debug|Any CPU
		{00266FAF-5C01-4A83-B0F2-4E7CB9DC3834}.Release|Any CPU.ActiveCfg = Release|Any CPU
		{00266FAF-5C01-4A83-B0F2-4E7CB9DC3834}.Release|Any CPU.Build.0 = Release|Any CPU
		{DE07F137-B6CB-4BAE-A02A-2719F8558366}.Debug|Any CPU.ActiveCfg = Debug|Any CPU
		{DE07F137-B6CB-4BAE-A02A-2719F8558366}.Debug|Any CPU.Build.0 = Debug|Any CPU
		{DE07F137-B6CB-4BAE-A02A-2719F8558366}.Release|Any CPU.ActiveCfg = Release|Any CPU
		{DE07F137-B6CB-4BAE-A02A-2719F8558366}.Release|Any CPU.Build.0 = Release|Any CPU
	EndGlobalSection
	GlobalSection(SolutionProperties) = preSolution
		HideSolutionNode = FALSE
	EndGlobalSection
	GlobalSection(ExtensibilityGlobals) = postSolution
		SolutionGuid = {C0106B6C-B3BD-4700-B435-6F2CB1669838}
	EndGlobalSection
EndGlobal
